PODS:
  - Flutter (1.0.0)
  - FlutterPluginRegistrant (0.0.1):
    - Flutter
  - Kingfisher (4.10.1)

DEPENDENCIES:
  - Flutter (from `/Users/whatsxie/Desktop/FlutterDemo/flutter_module/.ios/Flutter/engine`)
  - FlutterPluginRegistrant (from `/Users/whatsxie/Desktop/FlutterDemo/flutter_module/.ios/Flutter/FlutterPluginRegistrant`)
  - Kingfisher (~> 4.10.1)

SPEC REPOS:
  https://github.com/cocoapods/specs.git:
    - Kingfisher

EXTERNAL SOURCES:
  Flutter:
    :path: "/Users/whatsxie/Desktop/FlutterDemo/flutter_module/.ios/Flutter/engine"
  FlutterPluginRegistrant:
    :path: "/Users/whatsxie/Desktop/FlutterDemo/flutter_module/.ios/Flutter/FlutterPluginRegistrant"

SPEC CHECKSUMS:
  Flutter: 9d0fac939486c9aba2809b7982dfdbb47a7b0296
  FlutterPluginRegistrant: 5f33f54e5f25444620ff39f2bdee4262d673ec7b
  Kingfisher: c148cd7b47ebde9989f6bc7c27dcaa79d81279a0

PODFILE CHECKSUM: ea917efe7120170d7f8a95c77ec8297bd6951f19

COCOAPODS: 1.5.3
