// !$*UTF8*$!
{
	archiveVersion = 1;
	classes = {
	};
	objectVersion = 51;
	objects = {

/* Begin PBXBuildFile section */
		526C5D7221C36F7200CC9999 /* AppDelegate.swift in Sources */ = {isa = PBXBuildFile; fileRef = 526C5D7121C36F7200CC9999 /* AppDelegate.swift */; };
		526C5D7421C36F7200CC9999 /* TabbarFirstController.swift in Sources */ = {isa = PBXBuildFile; fileRef = 526C5D7321C36F7200CC9999 /* TabbarFirstController.swift */; };
		526C5D7721C36F7200CC9999 /* Main.storyboard in Resources */ = {isa = PBXBuildFile; fileRef = 526C5D7521C36F7200CC9999 /* Main.storyboard */; };
		526C5D7921C36F7600CC9999 /* Assets.xcassets in Resources */ = {isa = PBXBuildFile; fileRef = 526C5D7821C36F7600CC9999 /* Assets.xcassets */; };
		526C5D7C21C36F7600CC9999 /* LaunchScreen.storyboard in Resources */ = {isa = PBXBuildFile; fileRef = 526C5D7A21C36F7600CC9999 /* LaunchScreen.storyboard */; };
		529E30F321C9EFDC00476998 /* PushedController.swift in Sources */ = {isa = PBXBuildFile; fileRef = 529E30F121C9EFDC00476998 /* PushedController.swift */; };
		529E30F421C9EFDC00476998 /* PushedController.xib in Resources */ = {isa = PBXBuildFile; fileRef = 529E30F221C9EFDC00476998 /* PushedController.xib */; };
		529E30F621CA03AB00476998 /* TabbarSecondController.swift in Sources */ = {isa = PBXBuildFile; fileRef = 529E30F521CA03AB00476998 /* TabbarSecondController.swift */; };
		69D1A29C5EE13CBD323B8888 /* Pods_FlutterDemo.framework in Frameworks */ = {isa = PBXBuildFile; fileRef = 96DC9192469754C26167B247 /* Pods_FlutterDemo.framework */; };
/* End PBXBuildFile section */

/* Begin PBXCopyFilesBuildPhase section */
		526C5D8721C3714800CC9999 /* Embed Frameworks */ = {
			isa = PBXCopyFilesBuildPhase;
			buildActionMask = 2147483647;
			dstPath = "";
			dstSubfolderSpec = 10;
			files = (
			);
			name = "Embed Frameworks";
			runOnlyForDeploymentPostprocessing = 0;
		};
/* End PBXCopyFilesBuildPhase section */

/* Begin PBXFileReference section */
		526C5D6E21C36F7200CC9999 /* FlutterDemo.app */ = {isa = PBXFileReference; explicitFileType = wrapper.application; includeInIndex = 0; path = FlutterDemo.app; sourceTree = BUILT_PRODUCTS_DIR; };
		526C5D7121C36F7200CC9999 /* AppDelegate.swift */ = {isa = PBXFileReference; lastKnownFileType = sourcecode.swift; path = AppDelegate.swift; sourceTree = "<group>"; };
		526C5D7321C36F7200CC9999 /* TabbarFirstController.swift */ = {isa = PBXFileReference; lastKnownFileType = sourcecode.swift; path = TabbarFirstController.swift; sourceTree = "<group>"; };
		526C5D7621C36F7200CC9999 /* Base */ = {isa = PBXFileReference; lastKnownFileType = file.storyboard; name = Base; path = Base.lproj/Main.storyboard; sourceTree = "<group>"; };
		526C5D7821C36F7600CC9999 /* Assets.xcassets */ = {isa = PBXFileReference; lastKnownFileType = folder.assetcatalog; path = Assets.xcassets; sourceTree = "<group>"; };
		526C5D7B21C36F7600CC9999 /* Base */ = {isa = PBXFileReference; lastKnownFileType = file.storyboard; name = Base; path = Base.lproj/LaunchScreen.storyboard; sourceTree = "<group>"; };
		526C5D7D21C36F7600CC9999 /* Info.plist */ = {isa = PBXFileReference; lastKnownFileType = text.plist.xml; path = Info.plist; sourceTree = "<group>"; };
		529E30F121C9EFDC00476998 /* PushedController.swift */ = {isa = PBXFileReference; lastKnownFileType = sourcecode.swift; path = PushedController.swift; sourceTree = "<group>"; };
		529E30F221C9EFDC00476998 /* PushedController.xib */ = {isa = PBXFileReference; lastKnownFileType = file.xib; path = PushedController.xib; sourceTree = "<group>"; };
		529E30F521CA03AB00476998 /* TabbarSecondController.swift */ = {isa = PBXFileReference; lastKnownFileType = sourcecode.swift; path = TabbarSecondController.swift; sourceTree = "<group>"; };
		96DC9192469754C26167B247 /* Pods_FlutterDemo.framework */ = {isa = PBXFileReference; explicitFileType = wrapper.framework; includeInIndex = 0; path = Pods_FlutterDemo.framework; sourceTree = BUILT_PRODUCTS_DIR; };
		CD2822FC0D6956C951EE451D /* Pods-FlutterDemo.release.xcconfig */ = {isa = PBXFileReference; includeInIndex = 1; lastKnownFileType = text.xcconfig; name = "Pods-FlutterDemo.release.xcconfig"; path = "Pods/Target Support Files/Pods-FlutterDemo/Pods-FlutterDemo.release.xcconfig"; sourceTree = "<group>"; };
		DC143F11BC7C8F944739C153 /* Pods-FlutterDemo.debug.xcconfig */ = {isa = PBXFileReference; includeInIndex = 1; lastKnownFileType = text.xcconfig; name = "Pods-FlutterDemo.debug.xcconfig"; path = "Pods/Target Support Files/Pods-FlutterDemo/Pods-FlutterDemo.debug.xcconfig"; sourceTree = "<group>"; };
/* End PBXFileReference section */

/* Begin PBXFrameworksBuildPhase section */
		526C5D6B21C36F7200CC9999 /* Frameworks */ = {
			isa = PBXFrameworksBuildPhase;
			buildActionMask = 2147483647;
			files = (
				69D1A29C5EE13CBD323B8888 /* Pods_FlutterDemo.framework in Frameworks */,
			);
			runOnlyForDeploymentPostprocessing = 0;
		};
/* End PBXFrameworksBuildPhase section */

/* Begin PBXGroup section */
		526C5D6521C36F7200CC9999 = {
			isa = PBXGroup;
			children = (
				526C5D7021C36F7200CC9999 /* FlutterDemo */,
				526C5D6F21C36F7200CC9999 /* Products */,
				7A65C5D3D7BAE94311516B7D /* Pods */,
				B312062189757EAD0C06E5D6 /* Frameworks */,
			);
			sourceTree = "<group>";
		};
		526C5D6F21C36F7200CC9999 /* Products */ = {
			isa = PBXGroup;
			children = (
				526C5D6E21C36F7200CC9999 /* FlutterDemo.app */,
			);
			name = Products;
			sourceTree = "<group>";
		};
		526C5D7021C36F7200CC9999 /* FlutterDemo */ = {
			isa = PBXGroup;
			children = (
				526C5D7121C36F7200CC9999 /* AppDelegate.swift */,
				526C5D7321C36F7200CC9999 /* TabbarFirstController.swift */,
				529E30F521CA03AB00476998 /* TabbarSecondController.swift */,
				529E30F121C9EFDC00476998 /* PushedController.swift */,
				529E30F221C9EFDC00476998 /* PushedController.xib */,
				526C5D7521C36F7200CC9999 /* Main.storyboard */,
				526C5D7821C36F7600CC9999 /* Assets.xcassets */,
				526C5D7A21C36F7600CC9999 /* LaunchScreen.storyboard */,
				526C5D7D21C36F7600CC9999 /* Info.plist */,
			);
			path = FlutterDemo;
			sourceTree = "<group>";
		};
		7A65C5D3D7BAE94311516B7D /* Pods */ = {
			isa = PBXGroup;
			children = (
				DC143F11BC7C8F944739C153 /* Pods-FlutterDemo.debug.xcconfig */,
				CD2822FC0D6956C951EE451D /* Pods-FlutterDemo.release.xcconfig */,
			);
			name = Pods;
			sourceTree = "<group>";
		};
		B312062189757EAD0C06E5D6 /* Frameworks */ = {
			isa = PBXGroup;
			children = (
				96DC9192469754C26167B247 /* Pods_FlutterDemo.framework */,
			);
			name = Frameworks;
			sourceTree = "<group>";
		};
/* End PBXGroup section */

/* Begin PBXNativeTarget section */
		526C5D6D21C36F7200CC9999 /* FlutterDemo */ = {
			isa = PBXNativeTarget;
			buildConfigurationList = 526C5D8021C36F7600CC9999 /* Build configuration list for PBXNativeTarget "FlutterDemo" */;
			buildPhases = (
				26ED604B6715EDAD02D87184 /* [CP] Check Pods Manifest.lock */,
				526C5D6A21C36F7200CC9999 /* Sources */,
				526C5D6B21C36F7200CC9999 /* Frameworks */,
				526C5D6C21C36F7200CC9999 /* Resources */,
				526C5D8721C3714800CC9999 /* Embed Frameworks */,
				9722A7ED627CAD61DD1B7613 /* [CP] Embed Pods Frameworks */,
				526C5D8821C37CB800CC9999 /* ShellScript */,
			);
			buildRules = (
			);
			dependencies = (
			);
			name = FlutterDemo;
			productName = FlutterDemo;
			productReference = 526C5D6E21C36F7200CC9999 /* FlutterDemo.app */;
			productType = "com.apple.product-type.application";
		};
/* End PBXNativeTarget section */

/* Begin PBXProject section */
		526C5D6621C36F7200CC9999 /* Project object */ = {
			isa = PBXProject;
			attributes = {
				LastSwiftUpdateCheck = 1010;
				LastUpgradeCheck = 1010;
				ORGANIZATIONNAME = "Steven Xie";
				TargetAttributes = {
					526C5D6D21C36F7200CC9999 = {
						CreatedOnToolsVersion = 10.1;
					};
				};
			};
			buildConfigurationList = 526C5D6921C36F7200CC9999 /* Build configuration list for PBXProject "FlutterDemo" */;
			compatibilityVersion = "Xcode 9.3";
			developmentRegion = en;
			hasScannedForEncodings = 0;
			knownRegions = (
				en,
				Base,
			);
			mainGroup = 526C5D6521C36F7200CC9999;
			productRefGroup = 526C5D6F21C36F7200CC9999 /* Products */;
			projectDirPath = "";
			projectRoot = "";
			targets = (
				526C5D6D21C36F7200CC9999 /* FlutterDemo */,
			);
		};
/* End PBXProject section */

/* Begin PBXResourcesBuildPhase section */
		526C5D6C21C36F7200CC9999 /* Resources */ = {
			isa = PBXResourcesBuildPhase;
			buildActionMask = 2147483647;
			files = (
				526C5D7C21C36F7600CC9999 /* LaunchScreen.storyboard in Resources */,
				526C5D7921C36F7600CC9999 /* Assets.xcassets in Resources */,
				529E30F421C9EFDC00476998 /* PushedController.xib in Resources */,
				526C5D7721C36F7200CC9999 /* Main.storyboard in Resources */,
			);
			runOnlyForDeploymentPostprocessing = 0;
		};
/* End PBXResourcesBuildPhase section */

/* Begin PBXShellScriptBuildPhase section */
		26ED604B6715EDAD02D87184 /* [CP] Check Pods Manifest.lock */ = {
			isa = PBXShellScriptBuildPhase;
			buildActionMask = 2147483647;
			files = (
			);
			inputFileListPaths = (
			);
			inputPaths = (
				"${PODS_PODFILE_DIR_PATH}/Podfile.lock",
				"${PODS_ROOT}/Manifest.lock",
			);
			name = "[CP] Check Pods Manifest.lock";
			outputFileListPaths = (
			);
			outputPaths = (
				"$(DERIVED_FILE_DIR)/Pods-FlutterDemo-checkManifestLockResult.txt",
			);
			runOnlyForDeploymentPostprocessing = 0;
			shellPath = /bin/sh;
			shellScript = "diff \"${PODS_PODFILE_DIR_PATH}/Podfile.lock\" \"${PODS_ROOT}/Manifest.lock\" > /dev/null\nif [ $? != 0 ] ; then\n    # print error to STDERR\n    echo \"error: The sandbox is not in sync with the Podfile.lock. Run 'pod install' or update your CocoaPods installation.\" >&2\n    exit 1\nfi\n# This output is used by Xcode 'outputs' to avoid re-running this script phase.\necho \"SUCCESS\" > \"${SCRIPT_OUTPUT_FILE_0}\"\n";
			showEnvVarsInLog = 0;
		};
		526C5D8821C37CB800CC9999 /* ShellScript */ = {
			isa = PBXShellScriptBuildPhase;
			buildActionMask = 2147483647;
			files = (
			);
			inputFileListPaths = (
			);
			inputPaths = (
			);
			outputFileListPaths = (
			);
			outputPaths = (
			);
			runOnlyForDeploymentPostprocessing = 0;
			shellPath = /bin/sh;
			shellScript = "# Type a script or drag a script file from your workspace to insert its path.\n\"$FLUTTER_ROOT/packages/flutter_tools/bin/xcode_backend.sh\" build\n\"$FLUTTER_ROOT/packages/flutter_tools/bin/xcode_backend.sh\" embed\n";
		};
		9722A7ED627CAD61DD1B7613 /* [CP] Embed Pods Frameworks */ = {
			isa = PBXShellScriptBuildPhase;
			buildActionMask = 2147483647;
			files = (
			);
			inputFileListPaths = (
				"${PODS_ROOT}/Target Support Files/Pods-FlutterDemo/Pods-FlutterDemo-frameworks-${CONFIGURATION}-input-files.xcfilelist",
			);
			name = "[CP] Embed Pods Frameworks";
			outputFileListPaths = (
				"${PODS_ROOT}/Target Support Files/Pods-FlutterDemo/Pods-FlutterDemo-frameworks-${CONFIGURATION}-output-files.xcfilelist",
			);
			runOnlyForDeploymentPostprocessing = 0;
			shellPath = /bin/sh;
			shellScript = "\"${PODS_ROOT}/Target Support Files/Pods-FlutterDemo/Pods-FlutterDemo-frameworks.sh\"\n";
			showEnvVarsInLog = 0;
		};
/* End PBXShellScriptBuildPhase section */

/* Begin PBXSourcesBuildPhase section */
		526C5D6A21C36F7200CC9999 /* Sources */ = {
			isa = PBXSourcesBuildPhase;
			buildActionMask = 2147483647;
			files = (
				526C5D7421C36F7200CC9999 /* TabbarFirstController.swift in Sources */,
				529E30F321C9EFDC00476998 /* PushedController.swift in Sources */,
				526C5D7221C36F7200CC9999 /* AppDelegate.swift in Sources */,
				529E30F621CA03AB00476998 /* TabbarSecondController.swift in Sources */,
			);
			runOnlyForDeploymentPostprocessing = 0;
		};
/* End PBXSourcesBuildPhase section */

/* Begin PBXVariantGroup section */
		526C5D7521C36F7200CC9999 /* Main.storyboard */ = {
			isa = PBXVariantGroup;
			children = (
				526C5D7621C36F7200CC9999 /* Base */,
			);
			name = Main.storyboard;
			sourceTree = "<group>";
		};
		526C5D7A21C36F7600CC9999 /* LaunchScreen.storyboard */ = {
			isa = PBXVariantGroup;
			children = (
				526C5D7B21C36F7600CC9999 /* Base */,
			);
			name = LaunchScreen.storyboard;
			sourceTree = "<group>";
		};
/* End PBXVariantGroup section */

/* Begin XCBuildConfiguration section */
		526C5D7E21C36F7600CC9999 /* Debug */ = {
			isa = XCBuildConfiguration;
			buildSettings = {
				ALWAYS_SEARCH_USER_PATHS = NO;
				CLANG_ANALYZER_NONNULL = YES;
				CLANG_ANALYZER_NUMBER_OBJECT_CONVERSION = YES_AGGRESSIVE;
				CLANG_CXX_LANGUAGE_STANDARD = "gnu++14";
				CLANG_CXX_LIBRARY = "libc++";
				CLANG_ENABLE_MODULES = YES;
				CLANG_ENABLE_OBJC_ARC = YES;
				CLANG_ENABLE_OBJC_WEAK = YES;
				CLANG_WARN_BLOCK_CAPTURE_AUTORELEASING = YES;
				CLANG_WARN_BOOL_CONVERSION = YES;
				CLANG_WARN_COMMA = YES;
				CLANG_WARN_CONSTANT_CONVERSION = YES;
				CLANG_WARN_DEPRECATED_OBJC_IMPLEMENTATIONS = YES;
				CLANG_WARN_DIRECT_OBJC_ISA_USAGE = YES_ERROR;
				CLANG_WARN_DOCUMENTATION_COMMENTS = YES;
				CLANG_WARN_EMPTY_BODY = YES;
				CLANG_WARN_ENUM_CONVERSION = YES;
				CLANG_WARN_INFINITE_RECURSION = YES;
				CLANG_WARN_INT_CONVERSION = YES;
				CLANG_WARN_NON_LITERAL_NULL_CONVERSION = YES;
				CLANG_WARN_OBJC_IMPLICIT_RETAIN_SELF = YES;
				CLANG_WARN_OBJC_LITERAL_CONVERSION = YES;
				CLANG_WARN_OBJC_ROOT_CLASS = YES_ERROR;
				CLANG_WARN_RANGE_LOOP_ANALYSIS = YES;
				CLANG_WARN_STRICT_PROTOTYPES = YES;
				CLANG_WARN_SUSPICIOUS_MOVE = YES;
				CLANG_WARN_UNGUARDED_AVAILABILITY = YES_AGGRESSIVE;
				CLANG_WARN_UNREACHABLE_CODE = YES;
				CLANG_WARN__DUPLICATE_METHOD_MATCH = YES;
				CODE_SIGN_IDENTITY = "iPhone Developer";
				COPY_PHASE_STRIP = NO;
				DEBUG_INFORMATION_FORMAT = dwarf;
				ENABLE_STRICT_OBJC_MSGSEND = YES;
				ENABLE_TESTABILITY = YES;
				GCC_C_LANGUAGE_STANDARD = gnu11;
				GCC_DYNAMIC_NO_PIC = NO;
				GCC_NO_COMMON_BLOCKS = YES;
				GCC_OPTIMIZATION_LEVEL = 0;
				GCC_PREPROCESSOR_DEFINITIONS = (
					"DEBUG=1",
					"$(inherited)",
				);
				GCC_WARN_64_TO_32_BIT_CONVERSION = YES;
				GCC_WARN_ABOUT_RETURN_TYPE = YES_ERROR;
				GCC_WARN_UNDECLARED_SELECTOR = YES;
				GCC_WARN_UNINITIALIZED_AUTOS = YES_AGGRESSIVE;
				GCC_WARN_UNUSED_FUNCTION = YES;
				GCC_WARN_UNUSED_VARIABLE = YES;
				IPHONEOS_DEPLOYMENT_TARGET = 12.1;
				MTL_ENABLE_DEBUG_INFO = INCLUDE_SOURCE;
				MTL_FAST_MATH = YES;
				ONLY_ACTIVE_ARCH = YES;
				SDKROOT = iphoneos;
				SWIFT_ACTIVE_COMPILATION_CONDITIONS = DEBUG;
				SWIFT_OPTIMIZATION_LEVEL = "-Onone";
			};
			name = Debug;
		};
		526C5D7F21C36F7600CC9999 /* Release */ = {
			isa = XCBuildConfiguration;
			buildSettings = {
				ALWAYS_SEARCH_USER_PATHS = NO;
				CLANG_ANALYZER_NONNULL = YES;
				CLANG_ANALYZER_NUMBER_OBJECT_CONVERSION = YES_AGGRESSIVE;
				CLANG_CXX_LANGUAGE_STANDARD = "gnu++14";
				CLANG_CXX_LIBRARY = "libc++";
				CLANG_ENABLE_MODULES = YES;
				CLANG_ENABLE_OBJC_ARC = YES;
				CLANG_ENABLE_OBJC_WEAK = YES;
				CLANG_WARN_BLOCK_CAPTURE_AUTORELEASING = YES;
				CLANG_WARN_BOOL_CONVERSION = YES;
				CLANG_WARN_COMMA = YES;
				CLANG_WARN_CONSTANT_CONVERSION = YES;
				CLANG_WARN_DEPRECATED_OBJC_IMPLEMENTATIONS = YES;
				CLANG_WARN_DIRECT_OBJC_ISA_USAGE = YES_ERROR;
				CLANG_WARN_DOCUMENTATION_COMMENTS = YES;
				CLANG_WARN_EMPTY_BODY = YES;
				CLANG_WARN_ENUM_CONVERSION = YES;
				CLANG_WARN_INFINITE_RECURSION = YES;
				CLANG_WARN_INT_CONVERSION = YES;
				CLANG_WARN_NON_LITERAL_NULL_CONVERSION = YES;
				CLANG_WARN_OBJC_IMPLICIT_RETAIN_SELF = YES;
				CLANG_WARN_OBJC_LITERAL_CONVERSION = YES;
				CLANG_WARN_OBJC_ROOT_CLASS = YES_ERROR;
				CLANG_WARN_RANGE_LOOP_ANALYSIS = YES;
				CLANG_WARN_STRICT_PROTOTYPES = YES;
				CLANG_WARN_SUSPICIOUS_MOVE = YES;
				CLANG_WARN_UNGUARDED_AVAILABILITY = YES_AGGRESSIVE;
				CLANG_WARN_UNREACHABLE_CODE = YES;
				CLANG_WARN__DUPLICATE_METHOD_MATCH = YES;
				CODE_SIGN_IDENTITY = "iPhone Developer";
				COPY_PHASE_STRIP = NO;
				DEBUG_INFORMATION_FORMAT = "dwarf-with-dsym";
				ENABLE_NS_ASSERTIONS = NO;
				ENABLE_STRICT_OBJC_MSGSEND = YES;
				GCC_C_LANGUAGE_STANDARD = gnu11;
				GCC_NO_COMMON_BLOCKS = YES;
				GCC_WARN_64_TO_32_BIT_CONVERSION = YES;
				GCC_WARN_ABOUT_RETURN_TYPE = YES_ERROR;
				GCC_WARN_UNDECLARED_SELECTOR = YES;
				GCC_WARN_UNINITIALIZED_AUTOS = YES_AGGRESSIVE;
				GCC_WARN_UNUSED_FUNCTION = YES;
				GCC_WARN_UNUSED_VARIABLE = YES;
				IPHONEOS_DEPLOYMENT_TARGET = 12.1;
				MTL_ENABLE_DEBUG_INFO = NO;
				MTL_FAST_MATH = YES;
				SDKROOT = iphoneos;
				SWIFT_COMPILATION_MODE = wholemodule;
				SWIFT_OPTIMIZATION_LEVEL = "-O";
				VALIDATE_PRODUCT = YES;
			};
			name = Release;
		};
		526C5D8121C36F7600CC9999 /* Debug */ = {
			isa = XCBuildConfiguration;
			baseConfigurationReference = DC143F11BC7C8F944739C153 /* Pods-FlutterDemo.debug.xcconfig */;
			buildSettings = {
				ASSETCATALOG_COMPILER_APPICON_NAME = AppIcon;
				CODE_SIGN_STYLE = Automatic;
				DEVELOPMENT_TEAM = SEJU48N6CS;
				FLUTTER_APPLICATION_PATH = ../flutter_module;
				FLUTTER_TARGET = ../flutter_module/lib/main.dart;
				FRAMEWORK_SEARCH_PATHS = (
					"$(inherited)",
					"$(PROJECT_DIR)/FlutterDemo",
				);
				INFOPLIST_FILE = FlutterDemo/Info.plist;
				LD_RUNPATH_SEARCH_PATHS = (
					"$(inherited)",
					"@executable_path/Frameworks",
				);
				PRODUCT_BUNDLE_IDENTIFIER = R.S.FlutterDemo;
				PRODUCT_NAME = "$(TARGET_NAME)";
				SWIFT_VERSION = 4.2;
				TARGETED_DEVICE_FAMILY = "1,2";
			};
			name = Debug;
		};
		526C5D8221C36F7600CC9999 /* Release */ = {
			isa = XCBuildConfiguration;
			baseConfigurationReference = CD2822FC0D6956C951EE451D /* Pods-FlutterDemo.release.xcconfig */;
			buildSettings = {
				ASSETCATALOG_COMPILER_APPICON_NAME = AppIcon;
				CODE_SIGN_STYLE = Automatic;
				DEVELOPMENT_TEAM = SEJU48N6CS;
				FLUTTER_APPLICATION_PATH = ../flutter_module;
				FLUTTER_TARGET = ../flutter_module/lib/main.dart;
				FRAMEWORK_SEARCH_PATHS = (
					"$(inherited)",
					"$(PROJECT_DIR)/FlutterDemo",
				);
				INFOPLIST_FILE = FlutterDemo/Info.plist;
				LD_RUNPATH_SEARCH_PATHS = (
					"$(inherited)",
					"@executable_path/Frameworks",
				);
				PRODUCT_BUNDLE_IDENTIFIER = R.S.FlutterDemo;
				PRODUCT_NAME = "$(TARGET_NAME)";
				SWIFT_VERSION = 4.2;
				TARGETED_DEVICE_FAMILY = "1,2";
			};
			name = Release;
		};
/* End XCBuildConfiguration section */

/* Begin XCConfigurationList section */
		526C5D6921C36F7200CC9999 /* Build configuration list for PBXProject "FlutterDemo" */ = {
			isa = XCConfigurationList;
			buildConfigurations = (
				526C5D7E21C36F7600CC9999 /* Debug */,
				526C5D7F21C36F7600CC9999 /* Release */,
			);
			defaultConfigurationIsVisible = 0;
			defaultConfigurationName = Release;
		};
		526C5D8021C36F7600CC9999 /* Build configuration list for PBXNativeTarget "FlutterDemo" */ = {
			isa = XCConfigurationList;
			buildConfigurations = (
				526C5D8121C36F7600CC9999 /* Debug */,
				526C5D8221C36F7600CC9999 /* Release */,
			);
			defaultConfigurationIsVisible = 0;
			defaultConfigurationName = Release;
		};
/* End XCConfigurationList section */
	};
	rootObject = 526C5D6621C36F7200CC9999 /* Project object */;
}
